
Microsoft Visual Studio Solution File, Format Version 12.00
# Visual Studio 15
VisualStudioVersion = 15.0.28010.2016
MinimumVisualStudioVersion = 10.0.40219.1
Project("{FAE04EC0-301F-11D3-BF4B-00C04F79EFBC}") = "Runners_P12", "Runners_P12\Runners_P12.csproj", "{49AFFB0F-CEEE-4472-A327-18CD0BF18749}"
EndProject
Global
	GlobalSection(SolutionConfigurationPlatforms) = preSolution
		Debug|Any CPU = Debug|Any CPU
		Release|Any CPU = Release|Any CPU
	EndGlobalSection
	GlobalSection(ProjectConfigurationPlatforms) = postSolution
		{49AFFB0F-CEEE-4472-A327-18CD0BF18749}.Debug|Any CPU.ActiveCfg = Debug|Any CPU
		{49AFFB0F-CEEE-4472-A327-18CD0BF18749}.Debug|Any CPU.Build.0 = Debug|Any CPU
		{49AFFB0F-CEEE-4472-A327-18CD0BF18749}.Release|Any CPU.ActiveCfg = Release|Any CPU
		{49AFFB0F-CEEE-4472-A327-18CD0BF18749}.Release|Any CPU.Build.0 = Release|Any CPU
	EndGlobalSection
	GlobalSection(SolutionProperties) = preSolution
		HideSolutionNode = FALSE
	EndGlobalSection
	GlobalSection(ExtensibilityGlobals) = postSolution
		SolutionGuid = {332C4B4F-7BC7-48C3-A012-371170AF5BA3}
	EndGlobalSection
EndGlobal
